
Microsoft Visual Studio Solution File, Format Version 12.00
# Visual Studio Version 16
VisualStudioVersion = 16.0.31702.278
MinimumVisualStudioVersion = 10.0.40219.1
Project("{FAE04EC0-301F-11D3-BF4B-00C04F79EFBC}") = "FinalProject_Web", "FinalProject_Web.csproj", "{51E9F213-5201-491D-82FB-F82362EB689A}"
EndProject
Global
	GlobalSection(SolutionConfigurationPlatforms) = preSolution
		Debug|Any CPU = Debug|Any CPU
		Release|Any CPU = Release|Any CPU
	EndGlobalSection
	GlobalSection(ProjectConfigurationPlatforms) = postSolution
		{51E9F213-5201-491D-82FB-F82362EB689A}.Debug|Any CPU.ActiveCfg = Debug|Any CPU
		{51E9F213-5201-491D-82FB-F82362EB689A}.Debug|Any CPU.Build.0 = Debug|Any CPU
		{51E9F213-5201-491D-82FB-F82362EB689A}.Release|Any CPU.ActiveCfg = Release|Any CPU
		{51E9F213-5201-491D-82FB-F82362EB689A}.Release|Any CPU.Build.0 = Release|Any CPU
	EndGlobalSection
	GlobalSection(SolutionProperties) = preSolution
		HideSolutionNode = FALSE
	EndGlobalSection
	GlobalSection(ExtensibilityGlobals) = postSolution
		SolutionGuid = {751CB4B6-CC10-43C6-9E4A-0F79AF29C8B9}
	EndGlobalSection
EndGlobal
